<?xml version="1.0" encoding="utf-8"?>
<Project ToolsVersion="4.0" xmlns="http://schemas.microsoft.com/developer/msbuild/2003">
  <ItemGroup>
    <Filter Include="Base">
      <UniqueIdentifier>{ec3ff3a0-fc53-47ec-9297-4b71be9721dd}</UniqueIdentifier>
    </Filter>
    <Filter Include="Threading">
      <UniqueIdentifier>{d66d4567-2f3a-42e8-bc92-16d96e213d50}</UniqueIdentifier>
    </Filter>
    <Filter Include="Components">
      <UniqueIdentifier>{ec44772b-305a-4bea-a9b7-b974551e046f}</UniqueIdentifier>
    </Filter>
    <Filter Include="Gameplay">
      <UniqueIdentifier>{e5387a45-f30a-4fbf-810d-793cc62199d6}</UniqueIdentifier>
    </Filter>
  </ItemGroup>
  <ItemGroup>
    <ClCompile Include="main.cpp">
      <Filter>Base</Filter>
    </ClCompile>
    <ClCompile Include="BaseRunner.cpp">
      <Filter>Base</Filter>
    </ClCompile>
    <ClCompile Include="BGObject.cpp">
      <Filter>Components</Filter>
    </ClCompile>
    <ClCompile Include="FPSCounter.cpp">
      <Filter>Components</Filter>
    </ClCompile>
    <ClCompile Include="TextureDisplay.cpp">
      <Filter>Components</Filter>
    </ClCompile>
    <ClCompile Include="ThreadPool.cpp">
      <Filter>Threading</Filter>
    </ClCompile>
    <ClCompile Include="PoolWorkerThread.cpp">
      <Filter>Threading</Filter>
    </ClCompile>
    <ClCompile Include="AGameObject.cpp">
      <Filter>Components</Filter>
    </ClCompile>
    <ClCompile Include="GameObjectManager.cpp">
      <Filter>Components</Filter>
    </ClCompile>
    <ClCompile Include="HelloWorldThread.cpp">
      <Filter>Threading</Filter>
    </ClCompile>
    <ClCompile Include="IETThread.cpp">
      <Filter>Threading</Filter>
    </ClCompile>
    <ClCompile Include="IExecutionEvent.cpp">
      <Filter>Threading</Filter>
    </ClCompile>
    <ClCompile Include="IconObject.cpp">
      <Filter>Components</Filter>
    </ClCompile>
    <ClCompile Include="StreamAssetLoader.cpp">
      <Filter>Components</Filter>
    </ClCompile>
    <ClCompile Include="StringUtils.cpp">
      <Filter>Components</Filter>
    </ClCompile>
    <ClCompile Include="TextureManager.cpp">
      <Filter>Components</Filter>
    </ClCompile>
    <ClCompile Include="SoundManager.cpp" />
    <ClCompile Include="LoadPercentage.cpp" />
    <ClCompile Include="GameplayManager.cpp">
      <Filter>Gameplay</Filter>
    </ClCompile>
    <ClCompile Include="Scoreboard.cpp">
      <Filter>Gameplay</Filter>
    </ClCompile>
    <ClCompile Include="Target.cpp">
      <Filter>Gameplay</Filter>
    </ClCompile>
  </ItemGroup>
  <ItemGroup>
    <ClInclude Include="BaseRunner.h">
      <Filter>Base</Filter>
    </ClInclude>
    <ClInclude Include="BGObject.h">
      <Filter>Components</Filter>
    </ClInclude>
    <ClInclude Include="FPSCounter.h">
      <Filter>Components</Filter>
    </ClInclude>
    <ClInclude Include="TextureDisplay.h">
      <Filter>Components</Filter>
    </ClInclude>
    <ClInclude Include="IWorkerAction.h">
      <Filter>Components</Filter>
    </ClInclude>
    <ClInclude Include="ThreadPool.h">
      <Filter>Threading</Filter>
    </ClInclude>
    <ClInclude Include="PoolWorkerThread.h">
      <Filter>Threading</Filter>
    </ClInclude>
    <ClInclude Include="AGameObject.h">
      <Filter>Components</Filter>
    </ClInclude>
    <ClInclude Include="GameObjectManager.h">
      <Filter>Components</Filter>
    </ClInclude>
    <ClInclude Include="HelloWorldThread.h">
      <Filter>Threading</Filter>
    </ClInclude>
    <ClInclude Include="IETThread.h">
      <Filter>Threading</Filter>
    </ClInclude>
    <ClInclude Include="IExecutionEvent.h">
      <Filter>Threading</Filter>
    </ClInclude>
    <ClInclude Include="IconObject.h">
      <Filter>Components</Filter>
    </ClInclude>
    <ClInclude Include="StreamAssetLoader.h">
      <Filter>Components</Filter>
    </ClInclude>
    <ClInclude Include="StringUtils.h">
      <Filter>Components</Filter>
    </ClInclude>
    <ClInclude Include="TextureManager.h">
      <Filter>Components</Filter>
    </ClInclude>
    <ClInclude Include="SoundManager.h" />
    <ClInclude Include="LoadPercentage.h" />
    <ClInclude Include="GameplayManager.h">
      <Filter>Gameplay</Filter>
    </ClInclude>
    <ClInclude Include="Scoreboard.h">
      <Filter>Gameplay</Filter>
    </ClInclude>
    <ClInclude Include="Target.h">
      <Filter>Gameplay</Filter>
    </ClInclude>
  </ItemGroup>
</Project>