<?xml version="1.0" encoding="utf-8"?>
<Project ToolsVersion="4.0" xmlns="http://schemas.microsoft.com/developer/msbuild/2003">
  <ItemGroup>
    <Filter Include="Base">
      <UniqueIdentifier>{ec3ff3a0-fc53-47ec-9297-4b71be9721dd}</UniqueIdentifier>
    </Filter>
    <Filter Include="Threading">
      <UniqueIdentifier>{d66d4567-2f3a-42e8-bc92-16d96e213d50}</UniqueIdentifier>
    </Filter>
    <Filter Include="Components">
      <UniqueIdentifier>{ec44772b-305a-4bea-a9b7-b974551e046f}</UniqueIdentifier>
    </Filter>
  </ItemGroup>
  <ItemGroup>
    <ClCompile Include="main.cpp">
      <Filter>Base</Filter>
    </ClCompile>
    <ClCompile Include="BaseRunner.cpp">
      <Filter>Base</Filter>
    </ClCompile>
    <ClCompile Include="BGObject.cpp">
      <Filter>Components</Filter>
    </ClCompile>
    <ClCompile Include="FPSCounter.cpp">
      <Filter>Components</Filter>
    </ClCompile>
    <ClCompile Include="TextureDisplay.cpp">
      <Filter>Components</Filter>
    </ClCompile>
    <ClCompile Include="GameObjectManager.cpp" />
    <ClCompile Include="HelloWorldThread.cpp" />
    <ClCompile Include="IconObject.cpp" />
    <ClCompile Include="IETThread.cpp" />
    <ClCompile Include="IExecutionEvent.cpp" />
    <ClCompile Include="StreamAssetLoader.cpp" />
    <ClCompile Include="StringUtils.cpp" />
    <ClCompile Include="TextureManager.cpp" />
    <ClCompile Include="AGameObject.cpp" />
  </ItemGroup>
  <ItemGroup>
    <ClInclude Include="BaseRunner.h">
      <Filter>Base</Filter>
    </ClInclude>
    <ClInclude Include="BGObject.h">
      <Filter>Components</Filter>
    </ClInclude>
    <ClInclude Include="FPSCounter.h">
      <Filter>Components</Filter>
    </ClInclude>
    <ClInclude Include="TextureDisplay.h">
      <Filter>Components</Filter>
    </ClInclude>
    <ClInclude Include="GameObjectManager.h" />
    <ClInclude Include="HelloWorldThread.h" />
    <ClInclude Include="IconObject.h" />
    <ClInclude Include="IETThread.h" />
    <ClInclude Include="IExecutionEvent.h" />
    <ClInclude Include="StreamAssetLoader.h" />
    <ClInclude Include="StringUtils.h" />
    <ClInclude Include="TextureManager.h" />
    <ClInclude Include="AGameObject.h" />
  </ItemGroup>
</Project>